
Microsoft Visual Studio Solution File, Format Version 12.00
# Visual Studio 14
VisualStudioVersion = 14.0.25420.1
MinimumVisualStudioVersion = 10.0.40219.1
Project("{FAE04EC0-301F-11D3-BF4B-00C04F79EFBC}") = "Debit-Card-Number", "Debit-Card-Number\Debit-Card-Number.csproj", "{70CB452A-7F9F-48F7-BC5E-5FDCB1955C0B}"
EndProject
Project("{FAE04EC0-301F-11D3-BF4B-00C04F79EFBC}") = "Rectangle-Area", "Rectangle-Area\Rectangle-Area.csproj", "{53768877-8B7B-4136-AC26-FE704FFD5209}"
EndProject
Project("{FAE04EC0-301F-11D3-BF4B-00C04F79EFBC}") = "Miles-To-Kilometers", "Miles-To-Kilometers\Miles-To-Kilometers.csproj", "{4161C441-CBCF-4C1B-8A68-585440BF1F55}"
EndProject
Project("{FAE04EC0-301F-11D3-BF4B-00C04F79EFBC}") = "Beverage-Labels", "Beverage-Labels\Beverage-Labels.csproj", "{EE3ADB41-9AE3-4C59-8E46-6266BF5A7E28}"
EndProject
Project("{FAE04EC0-301F-11D3-BF4B-00C04F79EFBC}") = "Character-Stats", "Character-Stats\Character-Stats.csproj", "{81B5C16B-B574-4981-B008-2875BC20CA93}"
EndProject
Global
	GlobalSection(SolutionConfigurationPlatforms) = preSolution
		Debug|Any CPU = Debug|Any CPU
		Release|Any CPU = Release|Any CPU
	EndGlobalSection
	GlobalSection(ProjectConfigurationPlatforms) = postSolution
		{70CB452A-7F9F-48F7-BC5E-5FDCB1955C0B}.Debug|Any CPU.ActiveCfg = Debug|Any CPU
		{70CB452A-7F9F-48F7-BC5E-5FDCB1955C0B}.Debug|Any CPU.Build.0 = Debug|Any CPU
		{70CB452A-7F9F-48F7-BC5E-5FDCB1955C0B}.Release|Any CPU.ActiveCfg = Release|Any CPU
		{70CB452A-7F9F-48F7-BC5E-5FDCB1955C0B}.Release|Any CPU.Build.0 = Release|Any CPU
		{53768877-8B7B-4136-AC26-FE704FFD5209}.Debug|Any CPU.ActiveCfg = Debug|Any CPU
		{53768877-8B7B-4136-AC26-FE704FFD5209}.Debug|Any CPU.Build.0 = Debug|Any CPU
		{53768877-8B7B-4136-AC26-FE704FFD5209}.Release|Any CPU.ActiveCfg = Release|Any CPU
		{53768877-8B7B-4136-AC26-FE704FFD5209}.Release|Any CPU.Build.0 = Release|Any CPU
		{4161C441-CBCF-4C1B-8A68-585440BF1F55}.Debug|Any CPU.ActiveCfg = Debug|Any CPU
		{4161C441-CBCF-4C1B-8A68-585440BF1F55}.Debug|Any CPU.Build.0 = Debug|Any CPU
		{4161C441-CBCF-4C1B-8A68-585440BF1F55}.Release|Any CPU.ActiveCfg = Release|Any CPU
		{4161C441-CBCF-4C1B-8A68-585440BF1F55}.Release|Any CPU.Build.0 = Release|Any CPU
		{EE3ADB41-9AE3-4C59-8E46-6266BF5A7E28}.Debug|Any CPU.ActiveCfg = Debug|Any CPU
		{EE3ADB41-9AE3-4C59-8E46-6266BF5A7E28}.Debug|Any CPU.Build.0 = Debug|Any CPU
		{EE3ADB41-9AE3-4C59-8E46-6266BF5A7E28}.Release|Any CPU.ActiveCfg = Release|Any CPU
		{EE3ADB41-9AE3-4C59-8E46-6266BF5A7E28}.Release|Any CPU.Build.0 = Release|Any CPU
		{81B5C16B-B574-4981-B008-2875BC20CA93}.Debug|Any CPU.ActiveCfg = Debug|Any CPU
		{81B5C16B-B574-4981-B008-2875BC20CA93}.Debug|Any CPU.Build.0 = Debug|Any CPU
		{81B5C16B-B574-4981-B008-2875BC20CA93}.Release|Any CPU.ActiveCfg = Release|Any CPU
		{81B5C16B-B574-4981-B008-2875BC20CA93}.Release|Any CPU.Build.0 = Release|Any CPU
	EndGlobalSection
	GlobalSection(SolutionProperties) = preSolution
		HideSolutionNode = FALSE
	EndGlobalSection
EndGlobal
