
Microsoft Visual Studio Solution File, Format Version 12.00
# Visual Studio 14
VisualStudioVersion = 14.0.25420.1
MinimumVisualStudioVersion = 10.0.40219.1
Project("{FAE04EC0-301F-11D3-BF4B-00C04F79EFBC}") = "Order by Age", "Order by Age\Order by Age.csproj", "{B8E98085-7DF7-4692-96F8-9DC85FE6520A}"
EndProject
Project("{FAE04EC0-301F-11D3-BF4B-00C04F79EFBC}") = "Vehicle Catalogue", "Vehicle Catalogue\Vehicle Catalogue.csproj", "{60D97344-154C-4688-8FFD-AA775CA678E0}"
EndProject
Project("{FAE04EC0-301F-11D3-BF4B-00C04F79EFBC}") = "Jarvis", "Jarvis\Jarvis.csproj", "{A908E5D5-F1FC-47A5-880E-A6FA369F3FA5}"
EndProject
Project("{FAE04EC0-301F-11D3-BF4B-00C04F79EFBC}") = "Punctuation Finder", "Punctuation Finder\Punctuation Finder.csproj", "{ACA97A00-6530-4918-BB77-699B6AEAFCB5}"
EndProject
Project("{FAE04EC0-301F-11D3-BF4B-00C04F79EFBC}") = "Write to File", "Write to File\Write to File.csproj", "{990DDAFB-8B7F-4A02-B646-B3A4C0507F51}"
EndProject
Project("{FAE04EC0-301F-11D3-BF4B-00C04F79EFBC}") = "Play Catch", "Play Catch\Play Catch.csproj", "{B8EB31F0-BB99-419C-B89F-EB6E712BF211}"
EndProject
Project("{FAE04EC0-301F-11D3-BF4B-00C04F79EFBC}") = "EXCELlent Knowledge", "EXCELlent Knowledge\EXCELlent Knowledge.csproj", "{D56B1F0C-CB96-468B-B9B1-5B185F9F4CEF}"
EndProject
Project("{FAE04EC0-301F-11D3-BF4B-00C04F79EFBC}") = "Personal Exception", "Personal Exception\Personal Exception.csproj", "{DF50A370-B299-4EC2-B963-D5803D85FF70}"
EndProject
Global
	GlobalSection(SolutionConfigurationPlatforms) = preSolution
		Debug|Any CPU = Debug|Any CPU
		Release|Any CPU = Release|Any CPU
	EndGlobalSection
	GlobalSection(ProjectConfigurationPlatforms) = postSolution
		{B8E98085-7DF7-4692-96F8-9DC85FE6520A}.Debug|Any CPU.ActiveCfg = Debug|Any CPU
		{B8E98085-7DF7-4692-96F8-9DC85FE6520A}.Debug|Any CPU.Build.0 = Debug|Any CPU
		{B8E98085-7DF7-4692-96F8-9DC85FE6520A}.Release|Any CPU.ActiveCfg = Release|Any CPU
		{B8E98085-7DF7-4692-96F8-9DC85FE6520A}.Release|Any CPU.Build.0 = Release|Any CPU
		{60D97344-154C-4688-8FFD-AA775CA678E0}.Debug|Any CPU.ActiveCfg = Debug|Any CPU
		{60D97344-154C-4688-8FFD-AA775CA678E0}.Debug|Any CPU.Build.0 = Debug|Any CPU
		{60D97344-154C-4688-8FFD-AA775CA678E0}.Release|Any CPU.ActiveCfg = Release|Any CPU
		{60D97344-154C-4688-8FFD-AA775CA678E0}.Release|Any CPU.Build.0 = Release|Any CPU
		{A908E5D5-F1FC-47A5-880E-A6FA369F3FA5}.Debug|Any CPU.ActiveCfg = Debug|Any CPU
		{A908E5D5-F1FC-47A5-880E-A6FA369F3FA5}.Debug|Any CPU.Build.0 = Debug|Any CPU
		{A908E5D5-F1FC-47A5-880E-A6FA369F3FA5}.Release|Any CPU.ActiveCfg = Release|Any CPU
		{A908E5D5-F1FC-47A5-880E-A6FA369F3FA5}.Release|Any CPU.Build.0 = Release|Any CPU
		{ACA97A00-6530-4918-BB77-699B6AEAFCB5}.Debug|Any CPU.ActiveCfg = Debug|Any CPU
		{ACA97A00-6530-4918-BB77-699B6AEAFCB5}.Debug|Any CPU.Build.0 = Debug|Any CPU
		{ACA97A00-6530-4918-BB77-699B6AEAFCB5}.Release|Any CPU.ActiveCfg = Release|Any CPU
		{ACA97A00-6530-4918-BB77-699B6AEAFCB5}.Release|Any CPU.Build.0 = Release|Any CPU
		{990DDAFB-8B7F-4A02-B646-B3A4C0507F51}.Debug|Any CPU.ActiveCfg = Debug|Any CPU
		{990DDAFB-8B7F-4A02-B646-B3A4C0507F51}.Debug|Any CPU.Build.0 = Debug|Any CPU
		{990DDAFB-8B7F-4A02-B646-B3A4C0507F51}.Release|Any CPU.ActiveCfg = Release|Any CPU
		{990DDAFB-8B7F-4A02-B646-B3A4C0507F51}.Release|Any CPU.Build.0 = Release|Any CPU
		{B8EB31F0-BB99-419C-B89F-EB6E712BF211}.Debug|Any CPU.ActiveCfg = Debug|Any CPU
		{B8EB31F0-BB99-419C-B89F-EB6E712BF211}.Debug|Any CPU.Build.0 = Debug|Any CPU
		{B8EB31F0-BB99-419C-B89F-EB6E712BF211}.Release|Any CPU.ActiveCfg = Release|Any CPU
		{B8EB31F0-BB99-419C-B89F-EB6E712BF211}.Release|Any CPU.Build.0 = Release|Any CPU
		{D56B1F0C-CB96-468B-B9B1-5B185F9F4CEF}.Debug|Any CPU.ActiveCfg = Debug|Any CPU
		{D56B1F0C-CB96-468B-B9B1-5B185F9F4CEF}.Debug|Any CPU.Build.0 = Debug|Any CPU
		{D56B1F0C-CB96-468B-B9B1-5B185F9F4CEF}.Release|Any CPU.ActiveCfg = Release|Any CPU
		{D56B1F0C-CB96-468B-B9B1-5B185F9F4CEF}.Release|Any CPU.Build.0 = Release|Any CPU
		{DF50A370-B299-4EC2-B963-D5803D85FF70}.Debug|Any CPU.ActiveCfg = Debug|Any CPU
		{DF50A370-B299-4EC2-B963-D5803D85FF70}.Debug|Any CPU.Build.0 = Debug|Any CPU
		{DF50A370-B299-4EC2-B963-D5803D85FF70}.Release|Any CPU.ActiveCfg = Release|Any CPU
		{DF50A370-B299-4EC2-B963-D5803D85FF70}.Release|Any CPU.Build.0 = Release|Any CPU
	EndGlobalSection
	GlobalSection(SolutionProperties) = preSolution
		HideSolutionNode = FALSE
	EndGlobalSection
EndGlobal
