
Microsoft Visual Studio Solution File, Format Version 12.00
# Visual Studio 14
VisualStudioVersion = 14.0.25420.1
MinimumVisualStudioVersion = 10.0.40219.1
Project("{FAE04EC0-301F-11D3-BF4B-00C04F79EFBC}") = "Count Substring Occurrences", "Count Substring Occurrences\Count Substring Occurrences.csproj", "{F303AA0A-2E94-409E-9614-B993A39DE307}"
EndProject
Project("{FAE04EC0-301F-11D3-BF4B-00C04F79EFBC}") = "Reverse String", "Reverse String\Reverse String.csproj", "{8856B6A2-6DF6-460D-AC59-CB167085B155}"
EndProject
Project("{FAE04EC0-301F-11D3-BF4B-00C04F79EFBC}") = "Text Filter", "Text Filter\Text Filter.csproj", "{ACB41F72-A7FA-40B8-A9DC-66854BE060C1}"
EndProject
Project("{FAE04EC0-301F-11D3-BF4B-00C04F79EFBC}") = "Palindromes", "Palindromes\Palindromes.csproj", "{12E50464-9569-427B-BA95-A15B42D236F8}"
EndProject
Global
	GlobalSection(SolutionConfigurationPlatforms) = preSolution
		Debug|Any CPU = Debug|Any CPU
		Release|Any CPU = Release|Any CPU
	EndGlobalSection
	GlobalSection(ProjectConfigurationPlatforms) = postSolution
		{F303AA0A-2E94-409E-9614-B993A39DE307}.Debug|Any CPU.ActiveCfg = Debug|Any CPU
		{F303AA0A-2E94-409E-9614-B993A39DE307}.Debug|Any CPU.Build.0 = Debug|Any CPU
		{F303AA0A-2E94-409E-9614-B993A39DE307}.Release|Any CPU.ActiveCfg = Release|Any CPU
		{F303AA0A-2E94-409E-9614-B993A39DE307}.Release|Any CPU.Build.0 = Release|Any CPU
		{8856B6A2-6DF6-460D-AC59-CB167085B155}.Debug|Any CPU.ActiveCfg = Debug|Any CPU
		{8856B6A2-6DF6-460D-AC59-CB167085B155}.Debug|Any CPU.Build.0 = Debug|Any CPU
		{8856B6A2-6DF6-460D-AC59-CB167085B155}.Release|Any CPU.ActiveCfg = Release|Any CPU
		{8856B6A2-6DF6-460D-AC59-CB167085B155}.Release|Any CPU.Build.0 = Release|Any CPU
		{ACB41F72-A7FA-40B8-A9DC-66854BE060C1}.Debug|Any CPU.ActiveCfg = Debug|Any CPU
		{ACB41F72-A7FA-40B8-A9DC-66854BE060C1}.Debug|Any CPU.Build.0 = Debug|Any CPU
		{ACB41F72-A7FA-40B8-A9DC-66854BE060C1}.Release|Any CPU.ActiveCfg = Release|Any CPU
		{ACB41F72-A7FA-40B8-A9DC-66854BE060C1}.Release|Any CPU.Build.0 = Release|Any CPU
		{12E50464-9569-427B-BA95-A15B42D236F8}.Debug|Any CPU.ActiveCfg = Debug|Any CPU
		{12E50464-9569-427B-BA95-A15B42D236F8}.Debug|Any CPU.Build.0 = Debug|Any CPU
		{12E50464-9569-427B-BA95-A15B42D236F8}.Release|Any CPU.ActiveCfg = Release|Any CPU
		{12E50464-9569-427B-BA95-A15B42D236F8}.Release|Any CPU.Build.0 = Release|Any CPU
	EndGlobalSection
	GlobalSection(SolutionProperties) = preSolution
		HideSolutionNode = FALSE
	EndGlobalSection
EndGlobal
